
Microsoft Visual Studio Solution File, Format Version 11.00
# Visual C++ Express 2010
Project("{8BC9CEB8-8B4A-11D0-8D11-00A0C91BC942}") = "C2Lua", "C2Lua\C2Lua.vcxproj", "{337FDFBA-F8A6-4269-83DD-2A4BB1A8D14B}"
EndProject
Global
	GlobalSection(SolutionConfigurationPlatforms) = preSolution
		Debug|Win32 = Debug|Win32
		Release|Win32 = Release|Win32
	EndGlobalSection
	GlobalSection(ProjectConfigurationPlatforms) = postSolution
		{337FDFBA-F8A6-4269-83DD-2A4BB1A8D14B}.Debug|Win32.ActiveCfg = Debug|Win32
		{337FDFBA-F8A6-4269-83DD-2A4BB1A8D14B}.Debug|Win32.Build.0 = Debug|Win32
		{337FDFBA-F8A6-4269-83DD-2A4BB1A8D14B}.Release|Win32.ActiveCfg = Release|Win32
		{337FDFBA-F8A6-4269-83DD-2A4BB1A8D14B}.Release|Win32.Build.0 = Release|Win32
	EndGlobalSection
	GlobalSection(SolutionProperties) = preSolution
		HideSolutionNode = FALSE
	EndGlobalSection
EndGlobal
